
Microsoft Visual Studio Solution File, Format Version 12.00
# Visual Studio Version 17
VisualStudioVersion = 17.10.35122.118
MinimumVisualStudioVersion = 10.0.40219.1
Project("{FAE04EC0-301F-11D3-BF4B-00C04F79EFBC}") = "UserManagementApp.Server", "UserManagementApp.Server\UserManagementApp.Server.csproj", "{7A79499B-89C2-4F85-B874-DE643C1B7186}"
EndProject
Project("{54A90642-561A-4BB1-A94E-469ADEE60C69}") = "usermanagementapp.client", "usermanagementapp.client\usermanagementapp.client.esproj", "{696140E7-C701-4600-9F0B-8B58CE948DA3}"
EndProject
Global
	GlobalSection(SolutionConfigurationPlatforms) = preSolution
		Debug|Any CPU = Debug|Any CPU
		Release|Any CPU = Release|Any CPU
	EndGlobalSection
	GlobalSection(ProjectConfigurationPlatforms) = postSolution
		{7A79499B-89C2-4F85-B874-DE643C1B7186}.Debug|Any CPU.ActiveCfg = Debug|Any CPU
		{7A79499B-89C2-4F85-B874-DE643C1B7186}.Debug|Any CPU.Build.0 = Debug|Any CPU
		{7A79499B-89C2-4F85-B874-DE643C1B7186}.Release|Any CPU.ActiveCfg = Release|Any CPU
		{7A79499B-89C2-4F85-B874-DE643C1B7186}.Release|Any CPU.Build.0 = Release|Any CPU
		{696140E7-C701-4600-9F0B-8B58CE948DA3}.Debug|Any CPU.ActiveCfg = Debug|Any CPU
		{696140E7-C701-4600-9F0B-8B58CE948DA3}.Debug|Any CPU.Build.0 = Debug|Any CPU
		{696140E7-C701-4600-9F0B-8B58CE948DA3}.Debug|Any CPU.Deploy.0 = Debug|Any CPU
		{696140E7-C701-4600-9F0B-8B58CE948DA3}.Release|Any CPU.ActiveCfg = Release|Any CPU
		{696140E7-C701-4600-9F0B-8B58CE948DA3}.Release|Any CPU.Build.0 = Release|Any CPU
		{696140E7-C701-4600-9F0B-8B58CE948DA3}.Release|Any CPU.Deploy.0 = Release|Any CPU
	EndGlobalSection
	GlobalSection(SolutionProperties) = preSolution
		HideSolutionNode = FALSE
	EndGlobalSection
	GlobalSection(ExtensibilityGlobals) = postSolution
		SolutionGuid = {DDD74A49-21EC-4B42-B112-688AF0ACD78B}
	EndGlobalSection
EndGlobal
